#MicroXplorer Configuration settings - do not modify
Mcu.Family=STM32L4
ProjectManager.MainLocation=Src
PA0-CK_IN.GPIO_Label=WKUP
PA0-CK_IN.GPIOParameters=GPIO_PuPd,GPIO_Label,GPIO_ModeDefaultEXTI
USB_DEVICE.CLASS_NAME_FS=CDC
RCC.USART1Freq_Value=48000000
RCC.CortexFreq_Value=48000000
ProjectManager.KeepUserCode=true
Mcu.UserName=STM32L412KBTx
SPI1.VirtualType=VM_MASTER
NVIC.USB_IRQn=true\:0\:0\:false\:false\:true\:false\:true
NVIC.RTC_WKUP_IRQn=true\:0\:0\:false\:false\:true\:true\:true
ProjectManager.functionlistsort=1-MX_GPIO_Init-GPIO-false-HAL-true,2-SystemClock_Config-RCC-false-HAL-false,3-MX_I2C1_Init-I2C1-false-HAL-true,4-MX_LPUART1_UART_Init-LPUART1-false-HAL-true,5-MX_SPI1_Init-SPI1-false-HAL-true,6-MX_RTC_Init-RTC-false-HAL-true,7-MX_TIM16_Init-TIM16-true-HAL-true,8-MX_USB_DEVICE_Init-USB_DEVICE-false-HAL-false
PA9.GPIOParameters=GPIO_Label
VP_RTC_VS_RTC_Activate.Mode=RTC_Enabled
PA11.Mode=Device
LPUART1.WordLength=UART_WORDLENGTH_8B
PB0.GPIO_Label=LCD_RST
PA6.GPIO_Label=LCD_DC
RCC.USART2Freq_Value=48000000
PinOutPanel.RotationAngle=0
RCC.MCO1PinFreq_Value=48000000
ProjectManager.StackSize=0x400
RCC.I2C3Freq_Value=48000000
RCC.LPTIM1Freq_Value=48000000
Mcu.IP4=RTC
RCC.FCLKCortexFreq_Value=48000000
Mcu.IP5=SPI1
I2C1.IPParameters=Timing
Mcu.IP2=NVIC
NVIC.SVCall_IRQn=true\:0\:0\:false\:false\:true\:false\:false
Mcu.IP3=RCC
Mcu.IP0=I2C1
PA14\ (JTCK/SWCLK).Signal=SYS_JTCK-SWCLK
Mcu.IP1=LPUART1
PA12.Signal=USB_DP
Mcu.UserConstants=
Mcu.ThirdPartyNb=0
SPI1.Direction=SPI_DIRECTION_2LINES
PB1.GPIO_PuPd=GPIO_PULLUP
RCC.HCLKFreq_Value=48000000
Mcu.IPNb=10
ProjectManager.PreviousToolchain=
RCC.APB2TimFreq_Value=48000000
RTC.IPParameters=WakeUpClock
SPI1.CalculateBaudRate=24.0 MBits/s
Mcu.Pin6=PA7
Mcu.Pin7=PB0
Mcu.Pin8=PB1
Mcu.Pin9=PA9
RCC.AHBFreq_Value=48000000
Mcu.Pin0=PA0-CK_IN
Mcu.Pin1=PA2
GPIO.groupedBy=Group By Peripherals
Mcu.Pin2=PA3
Mcu.Pin3=PA4
Mcu.Pin4=PA5
Mcu.Pin5=PA6
ProjectManager.ProjectBuild=false
RCC.HSE_VALUE=8000000
NVIC.UsageFault_IRQn=true\:0\:0\:false\:false\:true\:false\:false
NVIC.DebugMonitor_IRQn=true\:0\:0\:false\:false\:true\:false\:false
PA4.Locked=true
NVIC.SysTick_IRQn=true\:0\:0\:false\:false\:true\:false\:true
ProjectManager.FirmwarePackage=STM32Cube FW_L4 V1.16.0
PA0-CK_IN.Signal=GPXTI0
MxDb.Version=DB.6.0.0
PB0.GPIOParameters=GPIO_Label
ProjectManager.BackupPrevious=false
RCC.VCOInputFreq_Value=48000000
PB1.GPIO_Label=LCD_LIGHT
SPI1.DataSize=SPI_DATASIZE_8BIT
File.Version=6
PA10.GPIO_Label=SI7021_SDA
PA14\ (JTCK/SWCLK).Mode=Serial_Wire
RCC.PLLRCLKFreq_Value=48000000
NVIC.PendSV_IRQn=true\:0\:0\:false\:false\:true\:false\:false
ProjectManager.HalAssertFull=false
PB0.Locked=true
RCC.CRSFreq_Value=48000000
ProjectManager.ProjectName=L412_Thermometer
PB1.PinState=GPIO_PIN_SET
Mcu.Package=LQFP32
PA6.Signal=GPIO_Output
PB1.Signal=GPIO_Output
PA5.Locked=true
PA0-CK_IN.GPIO_ModeDefaultEXTI=GPIO_MODE_IT_FALLING
ProjectManager.ToolChainLocation=
RCC.LSI_VALUE=32000
VP_SYS_VS_Systick.Signal=SYS_VS_Systick
SH.GPXTI0.0=GPIO_EXTI0
RCC.LSCOPinFreq_Value=32000
PA10.Signal=I2C1_SDA
VP_USB_DEVICE_VS_USB_DEVICE_CDC_FS.Signal=USB_DEVICE_VS_USB_DEVICE_CDC_FS
PA5.GPIOParameters=GPIO_Label
RCC.APB1TimFreq_Value=48000000
NVIC.BusFault_IRQn=true\:0\:0\:false\:false\:true\:false\:false
RCC.LPUART1Freq_Value=48000000
RCC.MSIAutoCalibration=DISABLED
PA4.GPIO_Label=LCD_CE
ProjectManager.CustomerFirmwarePackage=
RCC.MSIClockRange=RCC_MSIRANGE_11
RCC.HSI48_VALUE=48000000
PA3.Signal=LPUART1_RX
PA5.Mode=TX_Only_Simplex_Unidirect_Master
VP_RTC_VS_RTC_Activate.Signal=RTC_VS_RTC_Activate
PA6.GPIOParameters=GPIO_Label
RCC.MSI_VALUE=48000000
RCC.PLLQoutputFreq_Value=192000000
ProjectManager.ProjectFileName=L412_Thermometer.ioc
PA7.Mode=TX_Only_Simplex_Unidirect_Master
PA13\ (JTMS/SWDIO).Mode=Serial_Wire
Mcu.PinsNb=20
PA10.Mode=I2C
RTC.WakeUpClock=RTC_WAKEUPCLOCK_CK_SPRE_16BITS
ProjectManager.NoMain=false
SPI1.IPParameters=VirtualType,Mode,Direction,CalculateBaudRate,DataSize
USB_DEVICE.VirtualModeFS=Cdc_FS
PA9.GPIO_Label=SI7021_CSL
SH.GPXTI0.ConfNb=1
ProjectManager.DefaultFWLocation=true
VP_TIM16_VS_ClockSourceINT.Mode=Enable_Timer
ProjectManager.DeletePrevious=true
USB_DEVICE.IPParameters=VirtualMode,VirtualModeFS,CLASS_NAME_FS
LPUART1.IPParameters=BaudRate,WordLength
RCC.FamilyName=M
PA3.Mode=Asynchronous
PA9.Mode=I2C
ProjectManager.TargetToolchain=Makefile
VP_USB_DEVICE_VS_USB_DEVICE_CDC_FS.Mode=CDC_FS
VP_RTC_VS_RTC_WakeUp_intern.Signal=RTC_VS_RTC_WakeUp_intern
PA9.Signal=I2C1_SCL
I2C1.Timing=0x20303E5D
ProjectManager.RegisterCallBack=
RCC.USBFreq_Value=48000000
PA0-CK_IN.GPIO_PuPd=GPIO_PULLUP
PB1.Locked=true
PA5.Signal=SPI1_SCK
board=custom
RCC.VCOOutputFreq_Value=384000000
ProjectManager.LastFirmware=true
PA0-CK_IN.Locked=true
RCC.APB2Freq_Value=48000000
MxCube.Version=6.0.0
RCC.I2C1Freq_Value=48000000
SPI1.Mode=SPI_MODE_MASTER
RCC.RNGFreq_Value=48000000
RCC.ADCFreq_Value=48000000
PA10.GPIOParameters=GPIO_Label
VP_SYS_VS_Systick.Mode=SysTick
VP_TIM16_VS_ClockSourceINT.Signal=TIM16_VS_ClockSourceINT
NVIC.NonMaskableInt_IRQn=true\:0\:0\:false\:false\:true\:false\:false
PA4.GPIOParameters=GPIO_Label
ProjectManager.FreePins=false
RCC.IPParameters=ADCFreq_Value,AHBFreq_Value,APB1Freq_Value,APB1TimFreq_Value,APB2Freq_Value,APB2TimFreq_Value,CRSFreq_Value,CortexFreq_Value,FCLKCortexFreq_Value,FamilyName,HCLKFreq_Value,HSE_VALUE,HSI48_VALUE,HSI_VALUE,I2C1Freq_Value,I2C3Freq_Value,LPTIM1Freq_Value,LPTIM2Freq_Value,LPUART1Freq_Value,LSCOPinFreq_Value,LSI_VALUE,MCO1PinFreq_Value,MSIAutoCalibration,MSIClockRange,MSI_VALUE,PLLQoutputFreq_Value,PLLR,PLLRCLKFreq_Value,PWRFreq_Value,RNGFreq_Value,SYSCLKFreq_VALUE,USART1Freq_Value,USART2Freq_Value,USBFreq_Value,VCOInputFreq_Value,VCOOutputFreq_Value
ProjectManager.AskForMigrate=true
Mcu.Name=STM32L412KBTx
RCC.LPTIM2Freq_Value=48000000
LPUART1.BaudRate=115200
PA2.Signal=LPUART1_TX
ProjectManager.UnderRoot=false
Mcu.IP8=USB
Mcu.IP9=USB_DEVICE
Mcu.IP6=SYS
Mcu.IP7=TIM16
ProjectManager.CoupleFile=false
NVIC.EXTI0_IRQn=true\:0\:0\:false\:false\:true\:true\:true
PA4.Signal=GPIO_Output
RCC.SYSCLKFreq_VALUE=48000000
PA7.GPIO_Label=LCD_DIN
PA12.Mode=Device
PA5.GPIO_Label=LCD_CLK
NVIC.ForceEnableDMAVector=true
KeepUserPlacement=false
NVIC.MemoryManagement_IRQn=true\:0\:0\:false\:false\:true\:false\:false
ProjectManager.CompilerOptimize=6
PA11.Signal=USB_DM
ProjectManager.HeapSize=0x200
Mcu.Pin15=VP_RTC_VS_RTC_Activate
NVIC.HardFault_IRQn=true\:0\:0\:false\:false\:true\:false\:false
Mcu.Pin16=VP_RTC_VS_RTC_WakeUp_intern
Mcu.Pin13=PA13 (JTMS/SWDIO)
Mcu.Pin14=PA14 (JTCK/SWCLK)
Mcu.Pin19=VP_USB_DEVICE_VS_USB_DEVICE_CDC_FS
ProjectManager.ComputerToolchain=false
Mcu.Pin17=VP_SYS_VS_Systick
RCC.HSI_VALUE=16000000
VP_RTC_VS_RTC_WakeUp_intern.Mode=WakeUp
Mcu.Pin18=VP_TIM16_VS_ClockSourceINT
NVIC.TIM1_UP_TIM16_IRQn=true\:0\:0\:false\:false\:true\:true\:true
NVIC.PriorityGroup=NVIC_PRIORITYGROUP_4
RCC.PLLR=RCC_PLLR_DIV8
Mcu.Pin11=PA11
Mcu.Pin12=PA12
Mcu.Pin10=PA10
PA2.Mode=Asynchronous
RCC.PWRFreq_Value=48000000
PB1.GPIO_ModeDefaultOutputPP=GPIO_MODE_OUTPUT_OD
RCC.APB1Freq_Value=48000000
PB0.Signal=GPIO_Output
USB_DEVICE.VirtualMode=Cdc
PA7.GPIOParameters=GPIO_Label
ProjectManager.DeviceId=STM32L412KBTx
ProjectManager.LibraryCopy=1
PA13\ (JTMS/SWDIO).Signal=SYS_JTMS-SWDIO
PB1.GPIOParameters=PinState,GPIO_PuPd,GPIO_Label,GPIO_ModeDefaultOutputPP
PA7.Signal=SPI1_MOSI
PA6.Locked=true
